
Microsoft Visual Studio Solution File, Format Version 12.00
# Visual Studio Version 16
VisualStudioVersion = 16.0.31613.86
MinimumVisualStudioVersion = 10.0.40219.1
Project("{FAE04EC0-301F-11D3-BF4B-00C04F79EFBC}") = "SoloApp", "SoloApp\SoloApp.csproj", "{758F3E31-F141-4206-8A2D-98F17ECE03F4}"
EndProject
Global
	GlobalSection(SolutionConfigurationPlatforms) = preSolution
		Debug|Any CPU = Debug|Any CPU
		Release|Any CPU = Release|Any CPU
	EndGlobalSection
	GlobalSection(ProjectConfigurationPlatforms) = postSolution
		{758F3E31-F141-4206-8A2D-98F17ECE03F4}.Debug|Any CPU.ActiveCfg = Debug|Any CPU
		{758F3E31-F141-4206-8A2D-98F17ECE03F4}.Debug|Any CPU.Build.0 = Debug|Any CPU
		{758F3E31-F141-4206-8A2D-98F17ECE03F4}.Release|Any CPU.ActiveCfg = Release|Any CPU
		{758F3E31-F141-4206-8A2D-98F17ECE03F4}.Release|Any CPU.Build.0 = Release|Any CPU
	EndGlobalSection
	GlobalSection(SolutionProperties) = preSolution
		HideSolutionNode = FALSE
	EndGlobalSection
	GlobalSection(ExtensibilityGlobals) = postSolution
		SolutionGuid = {223C8FCB-2B1C-4643-940C-A417307C2D6A}
	EndGlobalSection
EndGlobal
